
Microsoft Visual Studio Solution File, Format Version 12.00
# Visual Studio Version 17
VisualStudioVersion = 17.1.32421.90
MinimumVisualStudioVersion = 10.0.40219.1
Project("{FAE04EC0-301F-11D3-BF4B-00C04F79EFBC}") = "WineFactory", "WineFactory\WineFactory.csproj", "{2870E6C0-DFA0-43CD-866F-FA3340F17282}"
EndProject
Project("{FAE04EC0-301F-11D3-BF4B-00C04F79EFBC}") = "DBAcces", "DBAcces\DBAcces.csproj", "{C9AFF851-61FA-44AF-8246-D839D5511F9E}"
EndProject
Project("{FAE04EC0-301F-11D3-BF4B-00C04F79EFBC}") = "ConsoleApp", "ConsoleApp\ConsoleApp.csproj", "{260DD882-7C25-4A7D-B438-6874641F55D6}"
EndProject
Project("{FAE04EC0-301F-11D3-BF4B-00C04F79EFBC}") = "WineMakingMonitoringApp", "WineMakingMonitoringApp\WineMakingMonitoringApp.csproj", "{D53CB443-2C5D-449F-85E8-8AA3456A9279}"
EndProject
Global
	GlobalSection(SolutionConfigurationPlatforms) = preSolution
		Debug|Any CPU = Debug|Any CPU
		Release|Any CPU = Release|Any CPU
	EndGlobalSection
	GlobalSection(ProjectConfigurationPlatforms) = postSolution
		{2870E6C0-DFA0-43CD-866F-FA3340F17282}.Debug|Any CPU.ActiveCfg = Debug|Any CPU
		{2870E6C0-DFA0-43CD-866F-FA3340F17282}.Debug|Any CPU.Build.0 = Debug|Any CPU
		{2870E6C0-DFA0-43CD-866F-FA3340F17282}.Release|Any CPU.ActiveCfg = Release|Any CPU
		{2870E6C0-DFA0-43CD-866F-FA3340F17282}.Release|Any CPU.Build.0 = Release|Any CPU
		{C9AFF851-61FA-44AF-8246-D839D5511F9E}.Debug|Any CPU.ActiveCfg = Debug|Any CPU
		{C9AFF851-61FA-44AF-8246-D839D5511F9E}.Debug|Any CPU.Build.0 = Debug|Any CPU
		{C9AFF851-61FA-44AF-8246-D839D5511F9E}.Release|Any CPU.ActiveCfg = Release|Any CPU
		{C9AFF851-61FA-44AF-8246-D839D5511F9E}.Release|Any CPU.Build.0 = Release|Any CPU
		{260DD882-7C25-4A7D-B438-6874641F55D6}.Debug|Any CPU.ActiveCfg = Debug|Any CPU
		{260DD882-7C25-4A7D-B438-6874641F55D6}.Debug|Any CPU.Build.0 = Debug|Any CPU
		{260DD882-7C25-4A7D-B438-6874641F55D6}.Release|Any CPU.ActiveCfg = Release|Any CPU
		{260DD882-7C25-4A7D-B438-6874641F55D6}.Release|Any CPU.Build.0 = Release|Any CPU
		{D53CB443-2C5D-449F-85E8-8AA3456A9279}.Debug|Any CPU.ActiveCfg = Debug|Any CPU
		{D53CB443-2C5D-449F-85E8-8AA3456A9279}.Debug|Any CPU.Build.0 = Debug|Any CPU
		{D53CB443-2C5D-449F-85E8-8AA3456A9279}.Release|Any CPU.ActiveCfg = Release|Any CPU
		{D53CB443-2C5D-449F-85E8-8AA3456A9279}.Release|Any CPU.Build.0 = Release|Any CPU
	EndGlobalSection
	GlobalSection(SolutionProperties) = preSolution
		HideSolutionNode = FALSE
	EndGlobalSection
	GlobalSection(ExtensibilityGlobals) = postSolution
		SolutionGuid = {173F2386-DB0D-4431-8D7F-69053E699506}
	EndGlobalSection
EndGlobal
